
Microsoft Visual Studio Solution File, Format Version 12.00
# Visual Studio Version 16
VisualStudioVersion = 16.0.30413.136
MinimumVisualStudioVersion = 10.0.40219.1
Project("{FAE04EC0-301F-11D3-BF4B-00C04F79EFBC}") = "TrackerLibrary", "TrackerLibrary\TrackerLibrary.csproj", "{10B51822-4AFE-4EA2-BEC5-DA1467EF348E}"
EndProject
Project("{FAE04EC0-301F-11D3-BF4B-00C04F79EFBC}") = "TrackerUI", "TrackerUI\TrackerUI.csproj", "{5304AAE8-49E2-44D4-9EA5-B64896710F2C}"
EndProject
Global
	GlobalSection(SolutionConfigurationPlatforms) = preSolution
		Debug|Any CPU = Debug|Any CPU
		Release|Any CPU = Release|Any CPU
	EndGlobalSection
	GlobalSection(ProjectConfigurationPlatforms) = postSolution
		{10B51822-4AFE-4EA2-BEC5-DA1467EF348E}.Debug|Any CPU.ActiveCfg = Debug|Any CPU
		{10B51822-4AFE-4EA2-BEC5-DA1467EF348E}.Debug|Any CPU.Build.0 = Debug|Any CPU
		{10B51822-4AFE-4EA2-BEC5-DA1467EF348E}.Release|Any CPU.ActiveCfg = Release|Any CPU
		{10B51822-4AFE-4EA2-BEC5-DA1467EF348E}.Release|Any CPU.Build.0 = Release|Any CPU
		{5304AAE8-49E2-44D4-9EA5-B64896710F2C}.Debug|Any CPU.ActiveCfg = Debug|Any CPU
		{5304AAE8-49E2-44D4-9EA5-B64896710F2C}.Debug|Any CPU.Build.0 = Debug|Any CPU
		{5304AAE8-49E2-44D4-9EA5-B64896710F2C}.Release|Any CPU.ActiveCfg = Release|Any CPU
		{5304AAE8-49E2-44D4-9EA5-B64896710F2C}.Release|Any CPU.Build.0 = Release|Any CPU
	EndGlobalSection
	GlobalSection(SolutionProperties) = preSolution
		HideSolutionNode = FALSE
	EndGlobalSection
	GlobalSection(ExtensibilityGlobals) = postSolution
		SolutionGuid = {E99A3322-C0B9-40A0-8A63-4193EF056147}
	EndGlobalSection
EndGlobal
